
Microsoft Visual Studio Solution File, Format Version 12.00
# Visual Studio Version 17
VisualStudioVersion = 17.3.32929.385
MinimumVisualStudioVersion = 10.0.40219.1
Project("{FAE04EC0-301F-11D3-BF4B-00C04F79EFBC}") = "IntefaceDemo", "IntefaceDemo\IntefaceDemo.csproj", "{9682CB3E-002E-4F1C-9F61-0A0851409CDB}"
EndProject
Global
	GlobalSection(SolutionConfigurationPlatforms) = preSolution
		Debug|Any CPU = Debug|Any CPU
		Release|Any CPU = Release|Any CPU
	EndGlobalSection
	GlobalSection(ProjectConfigurationPlatforms) = postSolution
		{9682CB3E-002E-4F1C-9F61-0A0851409CDB}.Debug|Any CPU.ActiveCfg = Debug|Any CPU
		{9682CB3E-002E-4F1C-9F61-0A0851409CDB}.Debug|Any CPU.Build.0 = Debug|Any CPU
		{9682CB3E-002E-4F1C-9F61-0A0851409CDB}.Release|Any CPU.ActiveCfg = Release|Any CPU
		{9682CB3E-002E-4F1C-9F61-0A0851409CDB}.Release|Any CPU.Build.0 = Release|Any CPU
	EndGlobalSection
	GlobalSection(SolutionProperties) = preSolution
		HideSolutionNode = FALSE
	EndGlobalSection
	GlobalSection(ExtensibilityGlobals) = postSolution
		SolutionGuid = {C68E734B-A250-44AB-BD61-EC2174BD111B}
	EndGlobalSection
EndGlobal
